
Microsoft Visual Studio Solution File, Format Version 12.00
# Visual Studio Version 17
VisualStudioVersion = 17.5.33627.172
MinimumVisualStudioVersion = 10.0.40219.1
Project("{FAE04EC0-301F-11D3-BF4B-00C04F79EFBC}") = "WebNet1", "WebNet1\WebNet1.csproj", "{D484569A-0E8C-46D4-8248-F6CA1B36E728}"
	ProjectSection(ProjectDependencies) = postProject
		{83CD8BC0-87AE-494F-991E-E5A0A6CCC9E5} = {83CD8BC0-87AE-494F-991E-E5A0A6CCC9E5}
	EndProjectSection
EndProject
Project("{FAE04EC0-301F-11D3-BF4B-00C04F79EFBC}") = "ProjectService", "..\ProjectService\ProjectService\ProjectService.csproj", "{83CD8BC0-87AE-494F-991E-E5A0A6CCC9E5}"
EndProject
Project("{FAE04EC0-301F-11D3-BF4B-00C04F79EFBC}") = "ProjectDB", "ProjectDB\ProjectDB.csproj", "{30CA122E-6465-451A-9B04-8CFE95E99CF9}"
EndProject
Global
	GlobalSection(SolutionConfigurationPlatforms) = preSolution
		Debug|Any CPU = Debug|Any CPU
		Release|Any CPU = Release|Any CPU
	EndGlobalSection
	GlobalSection(ProjectConfigurationPlatforms) = postSolution
		{D484569A-0E8C-46D4-8248-F6CA1B36E728}.Debug|Any CPU.ActiveCfg = Debug|Any CPU
		{D484569A-0E8C-46D4-8248-F6CA1B36E728}.Debug|Any CPU.Build.0 = Debug|Any CPU
		{D484569A-0E8C-46D4-8248-F6CA1B36E728}.Release|Any CPU.ActiveCfg = Release|Any CPU
		{D484569A-0E8C-46D4-8248-F6CA1B36E728}.Release|Any CPU.Build.0 = Release|Any CPU
		{83CD8BC0-87AE-494F-991E-E5A0A6CCC9E5}.Debug|Any CPU.ActiveCfg = Debug|Any CPU
		{83CD8BC0-87AE-494F-991E-E5A0A6CCC9E5}.Debug|Any CPU.Build.0 = Debug|Any CPU
		{83CD8BC0-87AE-494F-991E-E5A0A6CCC9E5}.Release|Any CPU.ActiveCfg = Release|Any CPU
		{83CD8BC0-87AE-494F-991E-E5A0A6CCC9E5}.Release|Any CPU.Build.0 = Release|Any CPU
		{30CA122E-6465-451A-9B04-8CFE95E99CF9}.Debug|Any CPU.ActiveCfg = Debug|Any CPU
		{30CA122E-6465-451A-9B04-8CFE95E99CF9}.Debug|Any CPU.Build.0 = Debug|Any CPU
		{30CA122E-6465-451A-9B04-8CFE95E99CF9}.Release|Any CPU.ActiveCfg = Release|Any CPU
		{30CA122E-6465-451A-9B04-8CFE95E99CF9}.Release|Any CPU.Build.0 = Release|Any CPU
	EndGlobalSection
	GlobalSection(SolutionProperties) = preSolution
		HideSolutionNode = FALSE
	EndGlobalSection
	GlobalSection(ExtensibilityGlobals) = postSolution
		SolutionGuid = {C32D1723-0680-45CA-AD37-5FA697E67DAF}
	EndGlobalSection
EndGlobal
